
Microsoft Visual Studio Solution File, Format Version 12.00
# Visual Studio Version 16
VisualStudioVersion = 16.0.29503.13
MinimumVisualStudioVersion = 10.0.40219.1
Project("{FAE04EC0-301F-11D3-BF4B-00C04F79EFBC}") = "WebOto", "WebOto\WebOto.csproj", "{4485B2CE-97FF-471D-82B1-99253407558B}"
EndProject
Global
	GlobalSection(SolutionConfigurationPlatforms) = preSolution
		Debug|Any CPU = Debug|Any CPU
		Release|Any CPU = Release|Any CPU
	EndGlobalSection
	GlobalSection(ProjectConfigurationPlatforms) = postSolution
		{4485B2CE-97FF-471D-82B1-99253407558B}.Debug|Any CPU.ActiveCfg = Debug|Any CPU
		{4485B2CE-97FF-471D-82B1-99253407558B}.Debug|Any CPU.Build.0 = Debug|Any CPU
		{4485B2CE-97FF-471D-82B1-99253407558B}.Release|Any CPU.ActiveCfg = Release|Any CPU
		{4485B2CE-97FF-471D-82B1-99253407558B}.Release|Any CPU.Build.0 = Release|Any CPU
	EndGlobalSection
	GlobalSection(SolutionProperties) = preSolution
		HideSolutionNode = FALSE
	EndGlobalSection
	GlobalSection(ExtensibilityGlobals) = postSolution
		SolutionGuid = {CCB67318-27C3-4C3B-BA68-D5EF674AA094}
	EndGlobalSection
EndGlobal
